
Microsoft Visual Studio Solution File, Format Version 12.00
# Visual Studio 15
VisualStudioVersion = 15.0.28307.136
MinimumVisualStudioVersion = 10.0.40219.1
Project("{8BC9CEB8-8B4A-11D0-8D11-00A0C91BC942}") = "Task1", "LABB2.vcxproj", "{34A4D27B-4DC1-4E47-A0A1-2D00D778BA08}"
EndProject
Project("{8BC9CEB8-8B4A-11D0-8D11-00A0C91BC942}") = "Task2", "..\Task2\Task2.vcxproj", "{3DAE5030-C36A-4BB4-86C7-2409B671D2E0}"
EndProject
Project("{8BC9CEB8-8B4A-11D0-8D11-00A0C91BC942}") = "Task3", "Task3\Task3.vcxproj", "{62B5AA7D-D1D6-4080-A8B8-18F060CDA56B}"
EndProject
Project("{8BC9CEB8-8B4A-11D0-8D11-00A0C91BC942}") = "Task5", "Task5\Task5.vcxproj", "{46118C1F-9D6C-474B-B286-FBF7CC78B5A2}"
EndProject
Project("{8BC9CEB8-8B4A-11D0-8D11-00A0C91BC942}") = "Task6", "Task6\Task6.vcxproj", "{CCD4CF07-5780-4028-BA1F-2D8E989B7815}"
EndProject
Project("{8BC9CEB8-8B4A-11D0-8D11-00A0C91BC942}") = "lab2lib", "lab2lib\lab2lib.vcxproj", "{50211594-E115-459D-AF31-07B878C36322}"
EndProject
Project("{8BC9CEB8-8B4A-11D0-8D11-00A0C91BC942}") = "Task7", "Task7\Task7.vcxproj", "{8B4F181C-AC54-4E8B-AF6F-F4D3C5A68B75}"
EndProject
Project("{8BC9CEB8-8B4A-11D0-8D11-00A0C91BC942}") = "Task4", "Task4.2\Task4.2.vcxproj", "{2543593C-71C6-45BD-9475-79B77B584146}"
EndProject
Global
	GlobalSection(SolutionConfigurationPlatforms) = preSolution
		Debug|x64 = Debug|x64
		Debug|x86 = Debug|x86
		Release|x64 = Release|x64
		Release|x86 = Release|x86
	EndGlobalSection
	GlobalSection(ProjectConfigurationPlatforms) = postSolution
		{34A4D27B-4DC1-4E47-A0A1-2D00D778BA08}.Debug|x64.ActiveCfg = Debug|x64
		{34A4D27B-4DC1-4E47-A0A1-2D00D778BA08}.Debug|x64.Build.0 = Debug|x64
		{34A4D27B-4DC1-4E47-A0A1-2D00D778BA08}.Debug|x86.ActiveCfg = Debug|Win32
		{34A4D27B-4DC1-4E47-A0A1-2D00D778BA08}.Debug|x86.Build.0 = Debug|Win32
		{34A4D27B-4DC1-4E47-A0A1-2D00D778BA08}.Release|x64.ActiveCfg = Release|x64
		{34A4D27B-4DC1-4E47-A0A1-2D00D778BA08}.Release|x64.Build.0 = Release|x64
		{34A4D27B-4DC1-4E47-A0A1-2D00D778BA08}.Release|x86.ActiveCfg = Release|Win32
		{34A4D27B-4DC1-4E47-A0A1-2D00D778BA08}.Release|x86.Build.0 = Release|Win32
		{3DAE5030-C36A-4BB4-86C7-2409B671D2E0}.Debug|x64.ActiveCfg = Debug|x64
		{3DAE5030-C36A-4BB4-86C7-2409B671D2E0}.Debug|x64.Build.0 = Debug|x64
		{3DAE5030-C36A-4BB4-86C7-2409B671D2E0}.Debug|x86.ActiveCfg = Debug|Win32
		{3DAE5030-C36A-4BB4-86C7-2409B671D2E0}.Debug|x86.Build.0 = Debug|Win32
		{3DAE5030-C36A-4BB4-86C7-2409B671D2E0}.Release|x64.ActiveCfg = Release|x64
		{3DAE5030-C36A-4BB4-86C7-2409B671D2E0}.Release|x64.Build.0 = Release|x64
		{3DAE5030-C36A-4BB4-86C7-2409B671D2E0}.Release|x86.ActiveCfg = Release|Win32
		{3DAE5030-C36A-4BB4-86C7-2409B671D2E0}.Release|x86.Build.0 = Release|Win32
		{62B5AA7D-D1D6-4080-A8B8-18F060CDA56B}.Debug|x64.ActiveCfg = Debug|x64
		{62B5AA7D-D1D6-4080-A8B8-18F060CDA56B}.Debug|x64.Build.0 = Debug|x64
		{62B5AA7D-D1D6-4080-A8B8-18F060CDA56B}.Debug|x86.ActiveCfg = Debug|Win32
		{62B5AA7D-D1D6-4080-A8B8-18F060CDA56B}.Debug|x86.Build.0 = Debug|Win32
		{62B5AA7D-D1D6-4080-A8B8-18F060CDA56B}.Release|x64.ActiveCfg = Release|x64
		{62B5AA7D-D1D6-4080-A8B8-18F060CDA56B}.Release|x64.Build.0 = Release|x64
		{62B5AA7D-D1D6-4080-A8B8-18F060CDA56B}.Release|x86.ActiveCfg = Release|Win32
		{62B5AA7D-D1D6-4080-A8B8-18F060CDA56B}.Release|x86.Build.0 = Release|Win32
		{46118C1F-9D6C-474B-B286-FBF7CC78B5A2}.Debug|x64.ActiveCfg = Debug|x64
		{46118C1F-9D6C-474B-B286-FBF7CC78B5A2}.Debug|x64.Build.0 = Debug|x64
		{46118C1F-9D6C-474B-B286-FBF7CC78B5A2}.Debug|x86.ActiveCfg = Debug|Win32
		{46118C1F-9D6C-474B-B286-FBF7CC78B5A2}.Debug|x86.Build.0 = Debug|Win32
		{46118C1F-9D6C-474B-B286-FBF7CC78B5A2}.Release|x64.ActiveCfg = Release|x64
		{46118C1F-9D6C-474B-B286-FBF7CC78B5A2}.Release|x64.Build.0 = Release|x64
		{46118C1F-9D6C-474B-B286-FBF7CC78B5A2}.Release|x86.ActiveCfg = Release|Win32
		{46118C1F-9D6C-474B-B286-FBF7CC78B5A2}.Release|x86.Build.0 = Release|Win32
		{CCD4CF07-5780-4028-BA1F-2D8E989B7815}.Debug|x64.ActiveCfg = Debug|x64
		{CCD4CF07-5780-4028-BA1F-2D8E989B7815}.Debug|x64.Build.0 = Debug|x64
		{CCD4CF07-5780-4028-BA1F-2D8E989B7815}.Debug|x86.ActiveCfg = Debug|Win32
		{CCD4CF07-5780-4028-BA1F-2D8E989B7815}.Debug|x86.Build.0 = Debug|Win32
		{CCD4CF07-5780-4028-BA1F-2D8E989B7815}.Release|x64.ActiveCfg = Release|x64
		{CCD4CF07-5780-4028-BA1F-2D8E989B7815}.Release|x64.Build.0 = Release|x64
		{CCD4CF07-5780-4028-BA1F-2D8E989B7815}.Release|x86.ActiveCfg = Release|Win32
		{CCD4CF07-5780-4028-BA1F-2D8E989B7815}.Release|x86.Build.0 = Release|Win32
		{50211594-E115-459D-AF31-07B878C36322}.Debug|x64.ActiveCfg = Debug|x64
		{50211594-E115-459D-AF31-07B878C36322}.Debug|x64.Build.0 = Debug|x64
		{50211594-E115-459D-AF31-07B878C36322}.Debug|x86.ActiveCfg = Debug|Win32
		{50211594-E115-459D-AF31-07B878C36322}.Debug|x86.Build.0 = Debug|Win32
		{50211594-E115-459D-AF31-07B878C36322}.Release|x64.ActiveCfg = Release|x64
		{50211594-E115-459D-AF31-07B878C36322}.Release|x64.Build.0 = Release|x64
		{50211594-E115-459D-AF31-07B878C36322}.Release|x86.ActiveCfg = Release|Win32
		{50211594-E115-459D-AF31-07B878C36322}.Release|x86.Build.0 = Release|Win32
		{8B4F181C-AC54-4E8B-AF6F-F4D3C5A68B75}.Debug|x64.ActiveCfg = Debug|x64
		{8B4F181C-AC54-4E8B-AF6F-F4D3C5A68B75}.Debug|x64.Build.0 = Debug|x64
		{8B4F181C-AC54-4E8B-AF6F-F4D3C5A68B75}.Debug|x86.ActiveCfg = Debug|Win32
		{8B4F181C-AC54-4E8B-AF6F-F4D3C5A68B75}.Debug|x86.Build.0 = Debug|Win32
		{8B4F181C-AC54-4E8B-AF6F-F4D3C5A68B75}.Release|x64.ActiveCfg = Release|x64
		{8B4F181C-AC54-4E8B-AF6F-F4D3C5A68B75}.Release|x64.Build.0 = Release|x64
		{8B4F181C-AC54-4E8B-AF6F-F4D3C5A68B75}.Release|x86.ActiveCfg = Release|Win32
		{8B4F181C-AC54-4E8B-AF6F-F4D3C5A68B75}.Release|x86.Build.0 = Release|Win32
		{2543593C-71C6-45BD-9475-79B77B584146}.Debug|x64.ActiveCfg = Debug|x64
		{2543593C-71C6-45BD-9475-79B77B584146}.Debug|x64.Build.0 = Debug|x64
		{2543593C-71C6-45BD-9475-79B77B584146}.Debug|x86.ActiveCfg = Debug|Win32
		{2543593C-71C6-45BD-9475-79B77B584146}.Debug|x86.Build.0 = Debug|Win32
		{2543593C-71C6-45BD-9475-79B77B584146}.Release|x64.ActiveCfg = Release|x64
		{2543593C-71C6-45BD-9475-79B77B584146}.Release|x64.Build.0 = Release|x64
		{2543593C-71C6-45BD-9475-79B77B584146}.Release|x86.ActiveCfg = Release|Win32
		{2543593C-71C6-45BD-9475-79B77B584146}.Release|x86.Build.0 = Release|Win32
	EndGlobalSection
	GlobalSection(SolutionProperties) = preSolution
		HideSolutionNode = FALSE
	EndGlobalSection
	GlobalSection(ExtensibilityGlobals) = postSolution
		SolutionGuid = {673DBBC6-BF0F-4CED-B524-F7CA86C692CF}
	EndGlobalSection
EndGlobal
